
Microsoft Visual Studio Solution File, Format Version 12.00
# Visual Studio Version 16
VisualStudioVersion = 16.0.30717.126
MinimumVisualStudioVersion = 10.0.40219.1
Project("{FAE04EC0-301F-11D3-BF4B-00C04F79EFBC}") = "ClothesStore.Data", "ClothesStore.Data\ClothesStore.Data.csproj", "{619F315D-A8ED-4D6B-9C7E-4F2C3B818E25}"
EndProject
Project("{FAE04EC0-301F-11D3-BF4B-00C04F79EFBC}") = "ClothesStore.Domain", "ClothesStore.Domain\ClothesStore.Domain.csproj", "{0A7F98F2-E4BE-47F0-A4F1-64188932816C}"
EndProject
Project("{FAE04EC0-301F-11D3-BF4B-00C04F79EFBC}") = "ClothesStore.Web", "ClothesStore.Web\ClothesStore.Web.csproj", "{C945AAA2-4D18-463D-A169-B7E1686292AF}"
EndProject
Project("{FAE04EC0-301F-11D3-BF4B-00C04F79EFBC}") = "ClothesStore.EF", "ClothesStore.EF\ClothesStore.EF.csproj", "{F7AC78A1-707B-42F5-A5D6-3FB0F34332BE}"
EndProject
Project("{FAE04EC0-301F-11D3-BF4B-00C04F79EFBC}") = "TestChecker", "TestChecker\TestChecker.csproj", "{90536840-F65B-4A6B-A09F-95712B3EB796}"
EndProject
Global
	GlobalSection(SolutionConfigurationPlatforms) = preSolution
		Debug|Any CPU = Debug|Any CPU
		Release|Any CPU = Release|Any CPU
	EndGlobalSection
	GlobalSection(ProjectConfigurationPlatforms) = postSolution
		{619F315D-A8ED-4D6B-9C7E-4F2C3B818E25}.Debug|Any CPU.ActiveCfg = Debug|Any CPU
		{619F315D-A8ED-4D6B-9C7E-4F2C3B818E25}.Debug|Any CPU.Build.0 = Debug|Any CPU
		{619F315D-A8ED-4D6B-9C7E-4F2C3B818E25}.Release|Any CPU.ActiveCfg = Release|Any CPU
		{619F315D-A8ED-4D6B-9C7E-4F2C3B818E25}.Release|Any CPU.Build.0 = Release|Any CPU
		{0A7F98F2-E4BE-47F0-A4F1-64188932816C}.Debug|Any CPU.ActiveCfg = Debug|Any CPU
		{0A7F98F2-E4BE-47F0-A4F1-64188932816C}.Debug|Any CPU.Build.0 = Debug|Any CPU
		{0A7F98F2-E4BE-47F0-A4F1-64188932816C}.Release|Any CPU.ActiveCfg = Release|Any CPU
		{0A7F98F2-E4BE-47F0-A4F1-64188932816C}.Release|Any CPU.Build.0 = Release|Any CPU
		{C945AAA2-4D18-463D-A169-B7E1686292AF}.Debug|Any CPU.ActiveCfg = Debug|Any CPU
		{C945AAA2-4D18-463D-A169-B7E1686292AF}.Debug|Any CPU.Build.0 = Debug|Any CPU
		{C945AAA2-4D18-463D-A169-B7E1686292AF}.Release|Any CPU.ActiveCfg = Release|Any CPU
		{C945AAA2-4D18-463D-A169-B7E1686292AF}.Release|Any CPU.Build.0 = Release|Any CPU
		{F7AC78A1-707B-42F5-A5D6-3FB0F34332BE}.Debug|Any CPU.ActiveCfg = Debug|Any CPU
		{F7AC78A1-707B-42F5-A5D6-3FB0F34332BE}.Debug|Any CPU.Build.0 = Debug|Any CPU
		{F7AC78A1-707B-42F5-A5D6-3FB0F34332BE}.Release|Any CPU.ActiveCfg = Release|Any CPU
		{F7AC78A1-707B-42F5-A5D6-3FB0F34332BE}.Release|Any CPU.Build.0 = Release|Any CPU
		{90536840-F65B-4A6B-A09F-95712B3EB796}.Debug|Any CPU.ActiveCfg = Debug|Any CPU
		{90536840-F65B-4A6B-A09F-95712B3EB796}.Debug|Any CPU.Build.0 = Debug|Any CPU
		{90536840-F65B-4A6B-A09F-95712B3EB796}.Release|Any CPU.ActiveCfg = Release|Any CPU
		{90536840-F65B-4A6B-A09F-95712B3EB796}.Release|Any CPU.Build.0 = Release|Any CPU
	EndGlobalSection
	GlobalSection(SolutionProperties) = preSolution
		HideSolutionNode = FALSE
	EndGlobalSection
	GlobalSection(ExtensibilityGlobals) = postSolution
		SolutionGuid = {C619A165-E200-4D6B-B7C1-FC0A72C31A57}
	EndGlobalSection
EndGlobal
